<?xml version="1.0" encoding="utf-8"?>
<Project xmlns="http://schemas.microsoft.com/developer/msbuild/2003">
  <ItemGroup>
    <Filter Include="Generated Files">
      <UniqueIdentifier>{71ED8ED8-ACB9-4CE9-BBE1-E00B30144E11}</UniqueIdentifier>
      <Extensions>cpp;c;cxx;moc;h;def;odl;idl;res;</Extensions>
    </Filter>
    <Filter Include="Generated Files">
      <UniqueIdentifier>{71ED8ED8-ACB9-4CE9-BBE1-E00B30144E11}</UniqueIdentifier>
      <Extensions>cpp;c;cxx;moc;h;def;odl;idl;res;</Extensions>
    </Filter>
    <Filter Include="Header Files">
      <UniqueIdentifier>{93995380-89BD-4b04-88EB-625FBE52EBFB}</UniqueIdentifier>
      <Extensions>h;hpp;hxx;hm;inl;inc;xsd</Extensions>
    </Filter>
    <Filter Include="Header Files">
      <UniqueIdentifier>{93995380-89BD-4b04-88EB-625FBE52EBFB}</UniqueIdentifier>
      <Extensions>h;hpp;hxx;hm;inl;inc;xsd</Extensions>
    </Filter>
    <Filter Include="Source Files">
      <UniqueIdentifier>{4FC737F1-C7A5-4376-A066-2A32D752A2FF}</UniqueIdentifier>
      <Extensions>cpp;c;cxx;def;odl;idl;hpj;bat;asm;asmx</Extensions>
    </Filter>
    <Filter Include="Source Files">
      <UniqueIdentifier>{4FC737F1-C7A5-4376-A066-2A32D752A2FF}</UniqueIdentifier>
      <Extensions>cpp;c;cxx;def;odl;idl;hpj;bat;asm;asmx</Extensions>
    </Filter>
  </ItemGroup>
  <ItemGroup>
    <ClCompile Include="tests\AbstractTest.cpp">
      <Filter>Source Files</Filter>
    </ClCompile>
    <ClCompile Include="Analyse.cpp">
      <Filter>Source Files</Filter>
    </ClCompile>
    <ClCompile Include="DbManager.cpp">
      <Filter>Source Files</Filter>
    </ClCompile>
    <ClCompile Include="HealthPrint.cpp">
      <Filter>Source Files</Filter>
    </ClCompile>
    <ClCompile Include="HelpInterface.cpp">
      <Filter>Source Files</Filter>
    </ClCompile>
    <ClCompile Include="Interface.cpp">
      <Filter>Source Files</Filter>
    </ClCompile>
    <ClCompile Include="LeaveInterface.cpp">
      <Filter>Source Files</Filter>
    </ClCompile>
    <ClCompile Include="Log.cpp">
      <Filter>Source Files</Filter>
    </ClCompile>
    <ClCompile Include="LogInterface.cpp">
      <Filter>Source Files</Filter>
    </ClCompile>
    <ClCompile Include="MenuInterface.cpp">
      <Filter>Source Files</Filter>
    </ClCompile>
    <ClCompile Include="PotentialDisease.cpp">
      <Filter>Source Files</Filter>
    </ClCompile>
    <ClCompile Include="SearchInterface.cpp">
      <Filter>Source Files</Filter>
    </ClCompile>
    <ClCompile Include="UpdateInterface.cpp">
      <Filter>Source Files</Filter>
    </ClCompile>
    <ClCompile Include="main.cpp">
      <Filter>Source Files</Filter>
    </ClCompile>
  </ItemGroup>
  <ItemGroup>
    <ClInclude Include="tests\AbstractTest.h">
      <Filter>Header Files</Filter>
    </ClInclude>
    <ClInclude Include="Analyse.h">
      <Filter>Header Files</Filter>
    </ClInclude>
    <ClInclude Include="DbManager.h">
      <Filter>Header Files</Filter>
    </ClInclude>
    <ClInclude Include="HealthPrint.h">
      <Filter>Header Files</Filter>
    </ClInclude>
    <ClInclude Include="HelpInterface.h">
      <Filter>Header Files</Filter>
    </ClInclude>
    <ClInclude Include="Interface.h">
      <Filter>Header Files</Filter>
    </ClInclude>
    <ClInclude Include="LeaveInterface.h">
      <Filter>Header Files</Filter>
    </ClInclude>
    <ClInclude Include="Log.h">
      <Filter>Header Files</Filter>
    </ClInclude>
    <ClInclude Include="LogInterface.h">
      <Filter>Header Files</Filter>
    </ClInclude>
    <ClInclude Include="MenuInterface.h">
      <Filter>Header Files</Filter>
    </ClInclude>
    <ClInclude Include="PotentialDisease.h">
      <Filter>Header Files</Filter>
    </ClInclude>
    <ClInclude Include="PotentialDiseaseTest.h">
      <Filter>Header Files</Filter>
    </ClInclude>
    <ClInclude Include="SearchInterface.h">
      <Filter>Header Files</Filter>
    </ClInclude>
    <ClInclude Include="UpdateInterface.h">
      <Filter>Header Files</Filter>
    </ClInclude>
    <ClInclude Include="TAnalyse.h">
      <Filter>Header Files</Filter>
    </ClInclude>
  </ItemGroup>
  <ItemGroup>
    <CustomBuild Include="GeneratedFiles\moc_predefs.h.cbt">
      <Filter>Generated Files</Filter>
    </CustomBuild>
  </ItemGroup>
</Project>