Microsoft Visual Studio Solution File, Format Version 12.00
# Visual Studio 15
VisualStudioVersion = 15.0.27130.2027
MinimumVisualStudioVersion = 10.0.40219.1
Project("{8BC9CEB8-8B4A-11D0-8D11-00A0C91BC942}") = "DiseaseForecaster", "DiseaseForecaster\DiseaseForecaster.vcxproj", "{892F027E-DE4C-3B44-BF6C-BB8F535E9628}"
EndProject
Project("{8BC9CEB8-8B4A-11D0-8D11-00A0C91BC942}") = "DiseaseForecasterServer", "DiseaseForecasterServer\DiseaseForecasterServer.vcxproj", "{E0AE4537-C629-31F8-85BD-98E171375B50}"
EndProject
Global
	GlobalSection(SolutionConfigurationPlatforms) = preSolution
		Debug|x64 = Debug|x64
		Release|x64 = Release|x64
	EndGlobalSection
	GlobalSection(ProjectConfigurationPlatforms) = postSolution
		{892F027E-DE4C-3B44-BF6C-BB8F535E9628}.Debug|x64.ActiveCfg = Debug|x64
		{892F027E-DE4C-3B44-BF6C-BB8F535E9628}.Debug|x64.Build.0 = Debug|x64
		{892F027E-DE4C-3B44-BF6C-BB8F535E9628}.Release|x64.ActiveCfg = Release|x64
		{892F027E-DE4C-3B44-BF6C-BB8F535E9628}.Release|x64.Build.0 = Release|x64
		{E0AE4537-C629-31F8-85BD-98E171375B50}.Debug|x64.ActiveCfg = Debug|x64
		{E0AE4537-C629-31F8-85BD-98E171375B50}.Debug|x64.Build.0 = Debug|x64
		{E0AE4537-C629-31F8-85BD-98E171375B50}.Release|x64.ActiveCfg = Release|x64
		{E0AE4537-C629-31F8-85BD-98E171375B50}.Release|x64.Build.0 = Release|x64
	EndGlobalSection
	GlobalSection(SolutionProperties) = preSolution
		HideSolutionNode = FALSE
	EndGlobalSection
	GlobalSection(ExtensibilityGlobals) = postSolution
		SolutionGuid = {09A3B48B-B415-4BA3-A172-65DFEB7F8605}
	EndGlobalSection
EndGlobal
